
Microsoft Visual Studio Solution File, Format Version 12.00
# Visual Studio Version 17
VisualStudioVersion = 17.14.36109.1 d17.14
MinimumVisualStudioVersion = 10.0.40219.1
Project("{FAE04EC0-301F-11D3-BF4B-00C04F79EFBC}") = "quiz_csharp_fiap", "quiz_csharp_fiap.csproj", "{A6F9AFF7-655F-4B04-8BA9-AA41FC6EC59B}"
EndProject
Global
	GlobalSection(SolutionConfigurationPlatforms) = preSolution
		Debug|Any CPU = Debug|Any CPU
		Release|Any CPU = Release|Any CPU
	EndGlobalSection
	GlobalSection(ProjectConfigurationPlatforms) = postSolution
		{A6F9AFF7-655F-4B04-8BA9-AA41FC6EC59B}.Debug|Any CPU.ActiveCfg = Debug|Any CPU
		{A6F9AFF7-655F-4B04-8BA9-AA41FC6EC59B}.Debug|Any CPU.Build.0 = Debug|Any CPU
		{A6F9AFF7-655F-4B04-8BA9-AA41FC6EC59B}.Release|Any CPU.ActiveCfg = Release|Any CPU
		{A6F9AFF7-655F-4B04-8BA9-AA41FC6EC59B}.Release|Any CPU.Build.0 = Release|Any CPU
	EndGlobalSection
	GlobalSection(SolutionProperties) = preSolution
		HideSolutionNode = FALSE
	EndGlobalSection
	GlobalSection(ExtensibilityGlobals) = postSolution
		SolutionGuid = {31FCCE46-8843-4337-8C17-834A645B69E0}
	EndGlobalSection
EndGlobal
